<?xml version="1.0" encoding="utf-8"?>
<Project ToolsVersion="4.0" xmlns="http://schemas.microsoft.com/developer/msbuild/2003">
  <ItemGroup>
    <Filter Include="Source Files">
      <UniqueIdentifier>{4FC737F1-C7A5-4376-A066-2A32D752A2FF}</UniqueIdentifier>
      <Extensions>cpp;c;cc;cxx;c++;cppm;ixx;def;odl;idl;hpj;bat;asm;asmx</Extensions>
    </Filter>
    <Filter Include="Header Files">
      <UniqueIdentifier>{93995380-89BD-4b04-88EB-625FBE52EBFB}</UniqueIdentifier>
      <Extensions>h;hh;hpp;hxx;h++;hm;inl;inc;ipp;xsd</Extensions>
    </Filter>
    <Filter Include="Resource Files">
      <UniqueIdentifier>{67DA6AB6-F800-4c08-8B7A-83BB121AAD01}</UniqueIdentifier>
      <Extensions>rc;ico;cur;bmp;dlg;rc2;rct;bin;rgs;gif;jpg;jpeg;jpe;resx;tiff;tif;png;wav;mfcribbon-ms</Extensions>
    </Filter>
    <Filter Include="Source Files\ProcessingUnit">
      <UniqueIdentifier>{2724439c-6f47-4615-9642-6fdd9f8b2f38}</UniqueIdentifier>
    </Filter>
  </ItemGroup>
  <ItemGroup>
    <ClInclude Include="BasicType.h">
      <Filter>Header Files</Filter>
    </ClInclude>
    <ClInclude Include="Stack.h">
      <Filter>Header Files</Filter>
    </ClInclude>
    <ClInclude Include="ProcessingUnit.h">
      <Filter>Header Files</Filter>
    </ClInclude>
    <ClInclude Include="BinaryLoader.h">
      <Filter>Header Files</Filter>
    </ClInclude>
    <ClInclude Include="Bus.h">
      <Filter>Header Files</Filter>
    </ClInclude>
    <ClInclude Include="Device.h">
      <Filter>Header Files</Filter>
    </ClInclude>
  </ItemGroup>
  <ItemGroup>
    <ClCompile Include="Stack.cpp">
      <Filter>Source Files</Filter>
    </ClCompile>
    <ClCompile Include="ProcessingUnit.cpp">
      <Filter>Source Files\ProcessingUnit</Filter>
    </ClCompile>
    <ClCompile Include="ProcessingUnit_Arithmetic.cpp">
      <Filter>Source Files\ProcessingUnit</Filter>
    </ClCompile>
    <ClCompile Include="ProcessingUnit_Branch.cpp">
      <Filter>Source Files\ProcessingUnit</Filter>
    </ClCompile>
    <ClCompile Include="ProcessingUnit_ClearFlag.cpp">
      <Filter>Source Files\ProcessingUnit</Filter>
    </ClCompile>
    <ClCompile Include="ProcessingUnit_Compare.cpp">
      <Filter>Source Files\ProcessingUnit</Filter>
    </ClCompile>
    <ClCompile Include="ProcessingUnit_Decrement.cpp">
      <Filter>Source Files\ProcessingUnit</Filter>
    </ClCompile>
    <ClCompile Include="ProcessingUnit_Increment.cpp">
      <Filter>Source Files\ProcessingUnit</Filter>
    </ClCompile>
    <ClCompile Include="ProcessingUnit_Jump.cpp">
      <Filter>Source Files\ProcessingUnit</Filter>
    </ClCompile>
    <ClCompile Include="ProcessingUnit_Load.cpp">
      <Filter>Source Files\ProcessingUnit</Filter>
    </ClCompile>
    <ClCompile Include="ProcessingUnit_Logic.cpp">
      <Filter>Source Files\ProcessingUnit</Filter>
    </ClCompile>
    <ClCompile Include="ProcessingUnit_Rotate.cpp">
      <Filter>Source Files\ProcessingUnit</Filter>
    </ClCompile>
    <ClCompile Include="ProcessingUnit_SetFlags.cpp">
      <Filter>Source Files\ProcessingUnit</Filter>
    </ClCompile>
    <ClCompile Include="ProcessingUnit_Shift.cpp">
      <Filter>Source Files\ProcessingUnit</Filter>
    </ClCompile>
    <ClCompile Include="ProcessingUnit_Stack.cpp">
      <Filter>Source Files\ProcessingUnit</Filter>
    </ClCompile>
    <ClCompile Include="ProcessingUnit_Store.cpp">
      <Filter>Source Files\ProcessingUnit</Filter>
    </ClCompile>
    <ClCompile Include="ProcessingUnit_Transfer.cpp">
      <Filter>Source Files\ProcessingUnit</Filter>
    </ClCompile>
    <ClCompile Include="BinaryLoader.cpp">
      <Filter>Source Files</Filter>
    </ClCompile>
    <ClCompile Include="Bus.cpp">
      <Filter>Source Files</Filter>
    </ClCompile>
  </ItemGroup>
</Project>